
Microsoft Visual Studio Solution File, Format Version 12.00
# Visual Studio Version 17
VisualStudioVersion = 17.11.35327.3
MinimumVisualStudioVersion = 10.0.40219.1
Project("{8BC9CEB8-8B4A-11D0-8D11-00A0C91BC942}") = "El_Molino-v1.0", "El_Molino-v1.0\El_Molino-v1.0.vcxproj", "{C4992493-FF6F-4E5B-907C-06B381AEF8F5}"
EndProject
Global
	GlobalSection(SolutionConfigurationPlatforms) = preSolution
		Debug|x64 = Debug|x64
		Debug|x86 = Debug|x86
		Release|x64 = Release|x64
		Release|x86 = Release|x86
	EndGlobalSection
	GlobalSection(ProjectConfigurationPlatforms) = postSolution
		{C4992493-FF6F-4E5B-907C-06B381AEF8F5}.Debug|x64.ActiveCfg = Debug|x64
		{C4992493-FF6F-4E5B-907C-06B381AEF8F5}.Debug|x64.Build.0 = Debug|x64
		{C4992493-FF6F-4E5B-907C-06B381AEF8F5}.Debug|x86.ActiveCfg = Debug|Win32
		{C4992493-FF6F-4E5B-907C-06B381AEF8F5}.Debug|x86.Build.0 = Debug|Win32
		{C4992493-FF6F-4E5B-907C-06B381AEF8F5}.Release|x64.ActiveCfg = Release|x64
		{C4992493-FF6F-4E5B-907C-06B381AEF8F5}.Release|x64.Build.0 = Release|x64
		{C4992493-FF6F-4E5B-907C-06B381AEF8F5}.Release|x86.ActiveCfg = Release|Win32
		{C4992493-FF6F-4E5B-907C-06B381AEF8F5}.Release|x86.Build.0 = Release|Win32
	EndGlobalSection
	GlobalSection(SolutionProperties) = preSolution
		HideSolutionNode = FALSE
	EndGlobalSection
	GlobalSection(ExtensibilityGlobals) = postSolution
		SolutionGuid = {2C5C7B36-CA4D-4014-BFD9-512078EBCBCB}
	EndGlobalSection
EndGlobal
